
Microsoft Visual Studio Solution File, Format Version 12.00
# Visual Studio 15
VisualStudioVersion = 15.0.28307.421
MinimumVisualStudioVersion = 10.0.40219.1
Project("{FAE04EC0-301F-11D3-BF4B-00C04F79EFBC}") = "Jimaku_kai", "Jimaku_kai\Jimaku_kai.csproj", "{BF24F63B-34E1-4FDF-B750-854232CB553D}"
EndProject
Global
	GlobalSection(SolutionConfigurationPlatforms) = preSolution
		Debug|Any CPU = Debug|Any CPU
		Release|Any CPU = Release|Any CPU
	EndGlobalSection
	GlobalSection(ProjectConfigurationPlatforms) = postSolution
		{BF24F63B-34E1-4FDF-B750-854232CB553D}.Debug|Any CPU.ActiveCfg = Debug|Any CPU
		{BF24F63B-34E1-4FDF-B750-854232CB553D}.Debug|Any CPU.Build.0 = Debug|Any CPU
		{BF24F63B-34E1-4FDF-B750-854232CB553D}.Release|Any CPU.ActiveCfg = Release|Any CPU
		{BF24F63B-34E1-4FDF-B750-854232CB553D}.Release|Any CPU.Build.0 = Release|Any CPU
	EndGlobalSection
	GlobalSection(SolutionProperties) = preSolution
		HideSolutionNode = FALSE
	EndGlobalSection
	GlobalSection(ExtensibilityGlobals) = postSolution
		SolutionGuid = {75B56AFD-0A06-4D4F-BDE6-C6E78C814F8A}
	EndGlobalSection
EndGlobal
